
Microsoft Visual Studio Solution File, Format Version 12.00
# Visual Studio Version 17
VisualStudioVersion = 17.11.35312.102
MinimumVisualStudioVersion = 10.0.40219.1
Project("{FAE04EC0-301F-11D3-BF4B-00C04F79EFBC}") = "bledyLogiczne5", "bledyLogiczne5\bledyLogiczne5.csproj", "{C71DBCD5-FAE3-49C8-99D5-93B7F52F30D2}"
EndProject
Global
	GlobalSection(SolutionConfigurationPlatforms) = preSolution
		Debug|Any CPU = Debug|Any CPU
		Release|Any CPU = Release|Any CPU
	EndGlobalSection
	GlobalSection(ProjectConfigurationPlatforms) = postSolution
		{C71DBCD5-FAE3-49C8-99D5-93B7F52F30D2}.Debug|Any CPU.ActiveCfg = Debug|Any CPU
		{C71DBCD5-FAE3-49C8-99D5-93B7F52F30D2}.Debug|Any CPU.Build.0 = Debug|Any CPU
		{C71DBCD5-FAE3-49C8-99D5-93B7F52F30D2}.Release|Any CPU.ActiveCfg = Release|Any CPU
		{C71DBCD5-FAE3-49C8-99D5-93B7F52F30D2}.Release|Any CPU.Build.0 = Release|Any CPU
	EndGlobalSection
	GlobalSection(SolutionProperties) = preSolution
		HideSolutionNode = FALSE
	EndGlobalSection
	GlobalSection(ExtensibilityGlobals) = postSolution
		SolutionGuid = {05DE786C-AB3C-453F-80DB-367334EC3273}
	EndGlobalSection
EndGlobal
